// !$*UTF8*$!
{
	archiveVersion = 1;
	classes = {
	};
	objectVersion = 50;
	objects = {

/* Begin PBXBuildFile section */
		EE60E64422E612520094A72D /* EasySDK.framework in Frameworks */ = {isa = PBXBuildFile; fileRef = EE60E63A22E612520094A72D /* EasySDK.framework */; };
		EE60E64922E612520094A72D /* EasySDKTests.swift in Sources */ = {isa = PBXBuildFile; fileRef = EE60E64822E612520094A72D /* EasySDKTests.swift */; };
		EE60E64B22E612520094A72D /* EasySDK.h in Headers */ = {isa = PBXBuildFile; fileRef = EE60E63D22E612520094A72D /* EasySDK.h */; settings = {ATTRIBUTES = (Public, ); }; };
		EE60E65622E6128F0094A72D /* String+EasyValidation.swift in Sources */ = {isa = PBXBuildFile; fileRef = EE60E65522E6128F0094A72D /* String+EasyValidation.swift */; };
		EE60E65922E614210094A72D /* ViewIdentifiableProtocol.swift in Sources */ = {isa = PBXBuildFile; fileRef = EE60E65822E614210094A72D /* ViewIdentifiableProtocol.swift */; };
		EE60E66122E615050094A72D /* AppDelegate.swift in Sources */ = {isa = PBXBuildFile; fileRef = EE60E66022E615050094A72D /* AppDelegate.swift */; };
		EE60E66322E615050094A72D /* ViewController.swift in Sources */ = {isa = PBXBuildFile; fileRef = EE60E66222E615050094A72D /* ViewController.swift */; };
		EE60E66622E615050094A72D /* Main.storyboard in Resources */ = {isa = PBXBuildFile; fileRef = EE60E66422E615050094A72D /* Main.storyboard */; };
		EE60E66822E615060094A72D /* Assets.xcassets in Resources */ = {isa = PBXBuildFile; fileRef = EE60E66722E615060094A72D /* Assets.xcassets */; };
		EE60E66B22E615060094A72D /* LaunchScreen.storyboard in Resources */ = {isa = PBXBuildFile; fileRef = EE60E66922E615060094A72D /* LaunchScreen.storyboard */; };
		EE60E67622E615070094A72D /* EasySDKExampleTests.swift in Sources */ = {isa = PBXBuildFile; fileRef = EE60E67522E615070094A72D /* EasySDKExampleTests.swift */; };
		EE60E68122E615070094A72D /* EasySDKExampleUITests.swift in Sources */ = {isa = PBXBuildFile; fileRef = EE60E68022E615070094A72D /* EasySDKExampleUITests.swift */; };
		EE60E68D22E615820094A72D /* EasySDK.framework in Frameworks */ = {isa = PBXBuildFile; fileRef = EE60E63A22E612520094A72D /* EasySDK.framework */; };
		EE60E68F22E61AA20094A72D /* String+EasyStringRepresentable.swift in Sources */ = {isa = PBXBuildFile; fileRef = EE60E68E22E61AA20094A72D /* String+EasyStringRepresentable.swift */; };
		EE60E69122E61BB80094A72D /* String+CustomRepresentation.swift in Sources */ = {isa = PBXBuildFile; fileRef = EE60E69022E61BB80094A72D /* String+CustomRepresentation.swift */; };
		EE60E69322E61D1A0094A72D /* String+Directory.swift in Sources */ = {isa = PBXBuildFile; fileRef = EE60E69222E61D1A0094A72D /* String+Directory.swift */; };
		EE60E69622E61DB50094A72D /* String+EasyManipulation.swift in Sources */ = {isa = PBXBuildFile; fileRef = EE60E69522E61DB50094A72D /* String+EasyManipulation.swift */; };
		EE60E69922E61E110094A72D /* Character+CustomCharacter.swift in Sources */ = {isa = PBXBuildFile; fileRef = EE60E69822E61E110094A72D /* Character+CustomCharacter.swift */; };
		EE60E69C22E61EEC0094A72D /* RawRepresentable+EasyRepresentation.swift in Sources */ = {isa = PBXBuildFile; fileRef = EE60E69B22E61EEC0094A72D /* RawRepresentable+EasyRepresentation.swift */; };
		EE60E6A022E6201D0094A72D /* Date+EasyCalculation.swift in Sources */ = {isa = PBXBuildFile; fileRef = EE60E69F22E6201D0094A72D /* Date+EasyCalculation.swift */; };
		EE60E6A322E624A10094A72D /* UIView+EasyLayoutAnchors.swift in Sources */ = {isa = PBXBuildFile; fileRef = EE60E6A222E624A10094A72D /* UIView+EasyLayoutAnchors.swift */; };
		EE60E6A522E624E90094A72D /* UIView+EasyProperties.swift in Sources */ = {isa = PBXBuildFile; fileRef = EE60E6A422E624E90094A72D /* UIView+EasyProperties.swift */; };
		EE60E6A722E624F70094A72D /* UIView+Extensions.swift in Sources */ = {isa = PBXBuildFile; fileRef = EE60E6A622E624F70094A72D /* UIView+Extensions.swift */; };
		EE60E6A922E624FD0094A72D /* UIView+EasyAnimatable.swift in Sources */ = {isa = PBXBuildFile; fileRef = EE60E6A822E624FD0094A72D /* UIView+EasyAnimatable.swift */; };
		EE60E6AB22E6250E0094A72D /* UIStackView+Easy.swift in Sources */ = {isa = PBXBuildFile; fileRef = EE60E6AA22E6250E0094A72D /* UIStackView+Easy.swift */; };
		EE9829BC22EB57FF00283349 /* EYKeyValueView.swift in Sources */ = {isa = PBXBuildFile; fileRef = EE9829BB22EB57FF00283349 /* EYKeyValueView.swift */; };
		EE9829BE22EB58BD00283349 /* EYConstants.swift in Sources */ = {isa = PBXBuildFile; fileRef = EE9829BD22EB58BD00283349 /* EYConstants.swift */; };
		EE9829C022EDEC1100283349 /* UIView+EasyStackLayout.swift in Sources */ = {isa = PBXBuildFile; fileRef = EE9829BF22EDEC1100283349 /* UIView+EasyStackLayout.swift */; };
		EE9829C222EDFCC900283349 /* EYImageView.swift in Sources */ = {isa = PBXBuildFile; fileRef = EE9829C122EDFCC900283349 /* EYImageView.swift */; };
		EE9829C422EE038C00283349 /* EYHorizontalScrollView.swift in Sources */ = {isa = PBXBuildFile; fileRef = EE9829C322EE038C00283349 /* EYHorizontalScrollView.swift */; };
		EE9829C622EE0C3C00283349 /* ReusableView.swift in Sources */ = {isa = PBXBuildFile; fileRef = EE9829C522EE0C3C00283349 /* ReusableView.swift */; };
		EE9829C822EF548300283349 /* UIAlertController+EasySDK.swift in Sources */ = {isa = PBXBuildFile; fileRef = EE9829C722EF548300283349 /* UIAlertController+EasySDK.swift */; };
		EE9829CA22EF5B3E00283349 /* UINavigationController+EasySDK.swift in Sources */ = {isa = PBXBuildFile; fileRef = EE9829C922EF5B3E00283349 /* UINavigationController+EasySDK.swift */; };
		EE9829D322F1FEA500283349 /* MKMapView+EasyAnnotation.swift in Sources */ = {isa = PBXBuildFile; fileRef = EE9829D122F1FEA400283349 /* MKMapView+EasyAnnotation.swift */; };
		EE9829D422F1FEA500283349 /* MKPolylineExtensions.swift in Sources */ = {isa = PBXBuildFile; fileRef = EE9829D222F1FEA500283349 /* MKPolylineExtensions.swift */; };
		EE9829D722F1FFE400283349 /* UIColor+EasyColors.swift in Sources */ = {isa = PBXBuildFile; fileRef = EE9829D622F1FFE400283349 /* UIColor+EasyColors.swift */; };
		EE9829DA22F200A700283349 /* UIApplication+EasyExtension.swift in Sources */ = {isa = PBXBuildFile; fileRef = EE9829D922F200A700283349 /* UIApplication+EasyExtension.swift */; };
		EE9829DD22F2016E00283349 /* UIButton+Properties.swift in Sources */ = {isa = PBXBuildFile; fileRef = EE9829DC22F2016E00283349 /* UIButton+Properties.swift */; };
		EE9829E022F4AF4300283349 /* URL+Extensions.swift in Sources */ = {isa = PBXBuildFile; fileRef = EE9829DF22F4AF4300283349 /* URL+Extensions.swift */; };
		EE9829E222F4B04A00283349 /* URLRequest+Extensions.swift in Sources */ = {isa = PBXBuildFile; fileRef = EE9829E122F4B04A00283349 /* URLRequest+Extensions.swift */; };
		EE9829E522F4B09700283349 /* UILayoutPriority+Extensions.swift in Sources */ = {isa = PBXBuildFile; fileRef = EE9829E422F4B09700283349 /* UILayoutPriority+Extensions.swift */; };
		EE9829E822F4B17100283349 /* UITableView+Extensions.swift in Sources */ = {isa = PBXBuildFile; fileRef = EE9829E722F4B17100283349 /* UITableView+Extensions.swift */; };
		EE9829EB22F4B25F00283349 /* UICollectionViewExtensions.swift in Sources */ = {isa = PBXBuildFile; fileRef = EE9829EA22F4B25F00283349 /* UICollectionViewExtensions.swift */; };
		EE9829EE22F4B28F00283349 /* UIWindowExtensions.swift in Sources */ = {isa = PBXBuildFile; fileRef = EE9829ED22F4B28F00283349 /* UIWindowExtensions.swift */; };
		EE9829F322F4B5BE00283349 /* UIImage+EasyExtensions.swift in Sources */ = {isa = PBXBuildFile; fileRef = EE9829F222F4B5BE00283349 /* UIImage+EasyExtensions.swift */; };
		EE982A0922F4B68000283349 /* SignedIntegerExtensions.swift in Sources */ = {isa = PBXBuildFile; fileRef = EE9829F522F4B68000283349 /* SignedIntegerExtensions.swift */; };
		EE982A0A22F4B68000283349 /* BidirectionalCollectionExtensions.swift in Sources */ = {isa = PBXBuildFile; fileRef = EE9829F622F4B68000283349 /* BidirectionalCollectionExtensions.swift */; };
		EE982A0B22F4B68000283349 /* ComparableExtensions.swift in Sources */ = {isa = PBXBuildFile; fileRef = EE9829F722F4B68000283349 /* ComparableExtensions.swift */; };
		EE982A0C22F4B68000283349 /* ArrayExtensions.swift in Sources */ = {isa = PBXBuildFile; fileRef = EE9829F822F4B68000283349 /* ArrayExtensions.swift */; };
		EE982A0D22F4B68000283349 /* StringProtocolExtensions.swift in Sources */ = {isa = PBXBuildFile; fileRef = EE9829F922F4B68000283349 /* StringProtocolExtensions.swift */; };
		EE982A0E22F4B68000283349 /* BinaryFloatingPointExtensions.swift in Sources */ = {isa = PBXBuildFile; fileRef = EE9829FA22F4B68000283349 /* BinaryFloatingPointExtensions.swift */; };
		EE982A0F22F4B68000283349 /* FloatExtensions.swift in Sources */ = {isa = PBXBuildFile; fileRef = EE9829FB22F4B68000283349 /* FloatExtensions.swift */; };
		EE982A1022F4B68000283349 /* SequenceExtensions.swift in Sources */ = {isa = PBXBuildFile; fileRef = EE9829FC22F4B68000283349 /* SequenceExtensions.swift */; };
		EE982A1122F4B68000283349 /* SignedNumericExtensions.swift in Sources */ = {isa = PBXBuildFile; fileRef = EE9829FD22F4B68000283349 /* SignedNumericExtensions.swift */; };
		EE982A1222F4B68000283349 /* DictionaryExtensions.swift in Sources */ = {isa = PBXBuildFile; fileRef = EE9829FE22F4B68000283349 /* DictionaryExtensions.swift */; };
		EE982A1322F4B68000283349 /* StringExtensions.swift in Sources */ = {isa = PBXBuildFile; fileRef = EE9829FF22F4B68000283349 /* StringExtensions.swift */; };
		EE982A1422F4B68000283349 /* BoolExtensions.swift in Sources */ = {isa = PBXBuildFile; fileRef = EE982A0022F4B68000283349 /* BoolExtensions.swift */; };
		EE982A1522F4B68000283349 /* DoubleExtensions.swift in Sources */ = {isa = PBXBuildFile; fileRef = EE982A0122F4B68000283349 /* DoubleExtensions.swift */; };
		EE982A1622F4B68000283349 /* RandomAccessCollectionExtensions.swift in Sources */ = {isa = PBXBuildFile; fileRef = EE982A0222F4B68000283349 /* RandomAccessCollectionExtensions.swift */; };
		EE982A1722F4B68000283349 /* CharacterExtensions.swift in Sources */ = {isa = PBXBuildFile; fileRef = EE982A0322F4B68000283349 /* CharacterExtensions.swift */; };
		EE982A1822F4B68000283349 /* FloatingPointExtensions.swift in Sources */ = {isa = PBXBuildFile; fileRef = EE982A0422F4B68000283349 /* FloatingPointExtensions.swift */; };
		EE982A1922F4B68000283349 /* IntExtensions.swift in Sources */ = {isa = PBXBuildFile; fileRef = EE982A0522F4B68000283349 /* IntExtensions.swift */; };
		EE982A1A22F4B68000283349 /* RangeReplaceableCollectionExtensions.swift in Sources */ = {isa = PBXBuildFile; fileRef = EE982A0622F4B68000283349 /* RangeReplaceableCollectionExtensions.swift */; };
		EE982A1B22F4B68000283349 /* OptionalExtensions.swift in Sources */ = {isa = PBXBuildFile; fileRef = EE982A0722F4B68000283349 /* OptionalExtensions.swift */; };
		EE982A1C22F4B68000283349 /* CollectionExtensions.swift in Sources */ = {isa = PBXBuildFile; fileRef = EE982A0822F4B68000283349 /* CollectionExtensions.swift */; };
		EE982A3022F4B69200283349 /* SCNSphereExtensions.swift in Sources */ = {isa = PBXBuildFile; fileRef = EE982A2222F4B69200283349 /* SCNSphereExtensions.swift */; };
		EE982A3122F4B69200283349 /* SCNBoxExtensions.swift in Sources */ = {isa = PBXBuildFile; fileRef = EE982A2322F4B69200283349 /* SCNBoxExtensions.swift */; };
		EE982A3222F4B69200283349 /* SCNCone.swift in Sources */ = {isa = PBXBuildFile; fileRef = EE982A2422F4B69200283349 /* SCNCone.swift */; };
		EE982A3322F4B69200283349 /* SCNGeometryExtensions.swift in Sources */ = {isa = PBXBuildFile; fileRef = EE982A2522F4B69200283349 /* SCNGeometryExtensions.swift */; };
		EE982A3422F4B69200283349 /* SCNCapsule.swift in Sources */ = {isa = PBXBuildFile; fileRef = EE982A2622F4B69200283349 /* SCNCapsule.swift */; };
		EE982A3522F4B69200283349 /* SCNVector3Extensions.swift in Sources */ = {isa = PBXBuildFile; fileRef = EE982A2722F4B69200283349 /* SCNVector3Extensions.swift */; };
		EE982A3622F4B69200283349 /* SCNShape.swift in Sources */ = {isa = PBXBuildFile; fileRef = EE982A2822F4B69200283349 /* SCNShape.swift */; };
		EE982A3722F4B69200283349 /* SCNCylinderExtensions.swift in Sources */ = {isa = PBXBuildFile; fileRef = EE982A2922F4B69200283349 /* SCNCylinderExtensions.swift */; };
		EE982A3822F4B69200283349 /* SCNMaterialExtensions.swift in Sources */ = {isa = PBXBuildFile; fileRef = EE982A2A22F4B69200283349 /* SCNMaterialExtensions.swift */; };
		EE982A3922F4B69200283349 /* SCNPlaneExtensions.swift in Sources */ = {isa = PBXBuildFile; fileRef = EE982A2B22F4B69200283349 /* SCNPlaneExtensions.swift */; };
		EE982A3F22F4B6CD00283349 /* SKNodeExtensions copy.swift in Sources */ = {isa = PBXBuildFile; fileRef = EE982A3E22F4B6CC00283349 /* SKNodeExtensions copy.swift */; };
		EE982A4322F4B6EC00283349 /* DispatchQueueExtensions copy.swift in Sources */ = {isa = PBXBuildFile; fileRef = EE982A4222F4B6EC00283349 /* DispatchQueueExtensions copy.swift */; };
/* End PBXBuildFile section */

/* Begin PBXContainerItemProxy section */
		EE60E64522E612520094A72D /* PBXContainerItemProxy */ = {
			isa = PBXContainerItemProxy;
			containerPortal = EE60E63122E612520094A72D /* Project object */;
			proxyType = 1;
			remoteGlobalIDString = EE60E63922E612520094A72D;
			remoteInfo = EasySDK;
		};
		EE60E67222E615060094A72D /* PBXContainerItemProxy */ = {
			isa = PBXContainerItemProxy;
			containerPortal = EE60E63122E612520094A72D /* Project object */;
			proxyType = 1;
			remoteGlobalIDString = EE60E65D22E615050094A72D;
			remoteInfo = EasySDKExample;
		};
		EE60E67D22E615070094A72D /* PBXContainerItemProxy */ = {
			isa = PBXContainerItemProxy;
			containerPortal = EE60E63122E612520094A72D /* Project object */;
			proxyType = 1;
			remoteGlobalIDString = EE60E65D22E615050094A72D;
			remoteInfo = EasySDKExample;
		};
/* End PBXContainerItemProxy section */

/* Begin PBXFileReference section */
		EE60E63A22E612520094A72D /* EasySDK.framework */ = {isa = PBXFileReference; explicitFileType = wrapper.framework; includeInIndex = 0; path = EasySDK.framework; sourceTree = BUILT_PRODUCTS_DIR; };
		EE60E63D22E612520094A72D /* EasySDK.h */ = {isa = PBXFileReference; lastKnownFileType = sourcecode.c.h; path = EasySDK.h; sourceTree = "<group>"; };
		EE60E63E22E612520094A72D /* Info.plist */ = {isa = PBXFileReference; lastKnownFileType = text.plist.xml; path = Info.plist; sourceTree = "<group>"; };
		EE60E64322E612520094A72D /* EasySDKTests.xctest */ = {isa = PBXFileReference; explicitFileType = wrapper.cfbundle; includeInIndex = 0; path = EasySDKTests.xctest; sourceTree = BUILT_PRODUCTS_DIR; };
		EE60E64822E612520094A72D /* EasySDKTests.swift */ = {isa = PBXFileReference; lastKnownFileType = sourcecode.swift; path = EasySDKTests.swift; sourceTree = "<group>"; };
		EE60E64A22E612520094A72D /* Info.plist */ = {isa = PBXFileReference; lastKnownFileType = text.plist.xml; path = Info.plist; sourceTree = "<group>"; };
		EE60E65522E6128F0094A72D /* String+EasyValidation.swift */ = {isa = PBXFileReference; lastKnownFileType = sourcecode.swift; path = "String+EasyValidation.swift"; sourceTree = "<group>"; };
		EE60E65822E614210094A72D /* ViewIdentifiableProtocol.swift */ = {isa = PBXFileReference; lastKnownFileType = sourcecode.swift; path = ViewIdentifiableProtocol.swift; sourceTree = "<group>"; };
		EE60E65E22E615050094A72D /* EasySDKExample.app */ = {isa = PBXFileReference; explicitFileType = wrapper.application; includeInIndex = 0; path = EasySDKExample.app; sourceTree = BUILT_PRODUCTS_DIR; };
		EE60E66022E615050094A72D /* AppDelegate.swift */ = {isa = PBXFileReference; lastKnownFileType = sourcecode.swift; path = AppDelegate.swift; sourceTree = "<group>"; };
		EE60E66222E615050094A72D /* ViewController.swift */ = {isa = PBXFileReference; lastKnownFileType = sourcecode.swift; path = ViewController.swift; sourceTree = "<group>"; };
		EE60E66522E615050094A72D /* Base */ = {isa = PBXFileReference; lastKnownFileType = file.storyboard; name = Base; path = Base.lproj/Main.storyboard; sourceTree = "<group>"; };
		EE60E66722E615060094A72D /* Assets.xcassets */ = {isa = PBXFileReference; lastKnownFileType = folder.assetcatalog; path = Assets.xcassets; sourceTree = "<group>"; };
		EE60E66A22E615060094A72D /* Base */ = {isa = PBXFileReference; lastKnownFileType = file.storyboard; name = Base; path = Base.lproj/LaunchScreen.storyboard; sourceTree = "<group>"; };
		EE60E66C22E615060094A72D /* Info.plist */ = {isa = PBXFileReference; lastKnownFileType = text.plist.xml; path = Info.plist; sourceTree = "<group>"; };
		EE60E67122E615060094A72D /* EasySDKExampleTests.xctest */ = {isa = PBXFileReference; explicitFileType = wrapper.cfbundle; includeInIndex = 0; path = EasySDKExampleTests.xctest; sourceTree = BUILT_PRODUCTS_DIR; };
		EE60E67522E615070094A72D /* EasySDKExampleTests.swift */ = {isa = PBXFileReference; lastKnownFileType = sourcecode.swift; path = EasySDKExampleTests.swift; sourceTree = "<group>"; };
		EE60E67722E615070094A72D /* Info.plist */ = {isa = PBXFileReference; lastKnownFileType = text.plist.xml; path = Info.plist; sourceTree = "<group>"; };
		EE60E67C22E615070094A72D /* EasySDKExampleUITests.xctest */ = {isa = PBXFileReference; explicitFileType = wrapper.cfbundle; includeInIndex = 0; path = EasySDKExampleUITests.xctest; sourceTree = BUILT_PRODUCTS_DIR; };
		EE60E68022E615070094A72D /* EasySDKExampleUITests.swift */ = {isa = PBXFileReference; lastKnownFileType = sourcecode.swift; path = EasySDKExampleUITests.swift; sourceTree = "<group>"; };
		EE60E68222E615070094A72D /* Info.plist */ = {isa = PBXFileReference; lastKnownFileType = text.plist.xml; path = Info.plist; sourceTree = "<group>"; };
		EE60E68E22E61AA20094A72D /* String+EasyStringRepresentable.swift */ = {isa = PBXFileReference; lastKnownFileType = sourcecode.swift; path = "String+EasyStringRepresentable.swift"; sourceTree = "<group>"; };
		EE60E69022E61BB80094A72D /* String+CustomRepresentation.swift */ = {isa = PBXFileReference; lastKnownFileType = sourcecode.swift; path = "String+CustomRepresentation.swift"; sourceTree = "<group>"; };
		EE60E69222E61D1A0094A72D /* String+Directory.swift */ = {isa = PBXFileReference; lastKnownFileType = sourcecode.swift; path = "String+Directory.swift"; sourceTree = "<group>"; };
		EE60E69522E61DB50094A72D /* String+EasyManipulation.swift */ = {isa = PBXFileReference; lastKnownFileType = sourcecode.swift; path = "String+EasyManipulation.swift"; sourceTree = "<group>"; };
		EE60E69822E61E110094A72D /* Character+CustomCharacter.swift */ = {isa = PBXFileReference; fileEncoding = 4; lastKnownFileType = sourcecode.swift; path = "Character+CustomCharacter.swift"; sourceTree = "<group>"; };
		EE60E69B22E61EEC0094A72D /* RawRepresentable+EasyRepresentation.swift */ = {isa = PBXFileReference; fileEncoding = 4; lastKnownFileType = sourcecode.swift; path = "RawRepresentable+EasyRepresentation.swift"; sourceTree = "<group>"; };
		EE60E69F22E6201D0094A72D /* Date+EasyCalculation.swift */ = {isa = PBXFileReference; lastKnownFileType = sourcecode.swift; path = "Date+EasyCalculation.swift"; sourceTree = "<group>"; };
		EE60E6A222E624A10094A72D /* UIView+EasyLayoutAnchors.swift */ = {isa = PBXFileReference; lastKnownFileType = sourcecode.swift; path = "UIView+EasyLayoutAnchors.swift"; sourceTree = "<group>"; };
		EE60E6A422E624E90094A72D /* UIView+EasyProperties.swift */ = {isa = PBXFileReference; fileEncoding = 4; lastKnownFileType = sourcecode.swift; path = "UIView+EasyProperties.swift"; sourceTree = "<group>"; };
		EE60E6A622E624F70094A72D /* UIView+Extensions.swift */ = {isa = PBXFileReference; fileEncoding = 4; lastKnownFileType = sourcecode.swift; path = "UIView+Extensions.swift"; sourceTree = "<group>"; };
		EE60E6A822E624FD0094A72D /* UIView+EasyAnimatable.swift */ = {isa = PBXFileReference; fileEncoding = 4; lastKnownFileType = sourcecode.swift; path = "UIView+EasyAnimatable.swift"; sourceTree = "<group>"; };
		EE60E6AA22E6250E0094A72D /* UIStackView+Easy.swift */ = {isa = PBXFileReference; fileEncoding = 4; lastKnownFileType = sourcecode.swift; path = "UIStackView+Easy.swift"; sourceTree = "<group>"; };
		EE9829BB22EB57FF00283349 /* EYKeyValueView.swift */ = {isa = PBXFileReference; lastKnownFileType = sourcecode.swift; path = EYKeyValueView.swift; sourceTree = "<group>"; };
		EE9829BD22EB58BD00283349 /* EYConstants.swift */ = {isa = PBXFileReference; lastKnownFileType = sourcecode.swift; path = EYConstants.swift; sourceTree = "<group>"; };
		EE9829BF22EDEC1100283349 /* UIView+EasyStackLayout.swift */ = {isa = PBXFileReference; lastKnownFileType = sourcecode.swift; path = "UIView+EasyStackLayout.swift"; sourceTree = "<group>"; };
		EE9829C122EDFCC900283349 /* EYImageView.swift */ = {isa = PBXFileReference; lastKnownFileType = sourcecode.swift; path = EYImageView.swift; sourceTree = "<group>"; };
		EE9829C322EE038C00283349 /* EYHorizontalScrollView.swift */ = {isa = PBXFileReference; lastKnownFileType = sourcecode.swift; path = EYHorizontalScrollView.swift; sourceTree = "<group>"; };
		EE9829C522EE0C3C00283349 /* ReusableView.swift */ = {isa = PBXFileReference; lastKnownFileType = sourcecode.swift; path = ReusableView.swift; sourceTree = "<group>"; };
		EE9829C722EF548300283349 /* UIAlertController+EasySDK.swift */ = {isa = PBXFileReference; lastKnownFileType = sourcecode.swift; path = "UIAlertController+EasySDK.swift"; sourceTree = "<group>"; };
		EE9829C922EF5B3E00283349 /* UINavigationController+EasySDK.swift */ = {isa = PBXFileReference; lastKnownFileType = sourcecode.swift; path = "UINavigationController+EasySDK.swift"; sourceTree = "<group>"; };
		EE9829D122F1FEA400283349 /* MKMapView+EasyAnnotation.swift */ = {isa = PBXFileReference; fileEncoding = 4; lastKnownFileType = sourcecode.swift; path = "MKMapView+EasyAnnotation.swift"; sourceTree = "<group>"; };
		EE9829D222F1FEA500283349 /* MKPolylineExtensions.swift */ = {isa = PBXFileReference; fileEncoding = 4; lastKnownFileType = sourcecode.swift; path = MKPolylineExtensions.swift; sourceTree = "<group>"; };
		EE9829D622F1FFE400283349 /* UIColor+EasyColors.swift */ = {isa = PBXFileReference; fileEncoding = 4; lastKnownFileType = sourcecode.swift; path = "UIColor+EasyColors.swift"; sourceTree = "<group>"; };
		EE9829D922F200A700283349 /* UIApplication+EasyExtension.swift */ = {isa = PBXFileReference; lastKnownFileType = sourcecode.swift; path = "UIApplication+EasyExtension.swift"; sourceTree = "<group>"; };
		EE9829DC22F2016E00283349 /* UIButton+Properties.swift */ = {isa = PBXFileReference; lastKnownFileType = sourcecode.swift; path = "UIButton+Properties.swift"; sourceTree = "<group>"; };
		EE9829DF22F4AF4300283349 /* URL+Extensions.swift */ = {isa = PBXFileReference; fileEncoding = 4; lastKnownFileType = sourcecode.swift; path = "URL+Extensions.swift"; sourceTree = "<group>"; };
		EE9829E122F4B04A00283349 /* URLRequest+Extensions.swift */ = {isa = PBXFileReference; fileEncoding = 4; lastKnownFileType = sourcecode.swift; path = "URLRequest+Extensions.swift"; sourceTree = "<group>"; };
		EE9829E422F4B09700283349 /* UILayoutPriority+Extensions.swift */ = {isa = PBXFileReference; fileEncoding = 4; lastKnownFileType = sourcecode.swift; path = "UILayoutPriority+Extensions.swift"; sourceTree = "<group>"; };
		EE9829E722F4B17100283349 /* UITableView+Extensions.swift */ = {isa = PBXFileReference; fileEncoding = 4; lastKnownFileType = sourcecode.swift; path = "UITableView+Extensions.swift"; sourceTree = "<group>"; };
		EE9829EA22F4B25F00283349 /* UICollectionViewExtensions.swift */ = {isa = PBXFileReference; fileEncoding = 4; lastKnownFileType = sourcecode.swift; path = UICollectionViewExtensions.swift; sourceTree = "<group>"; };
		EE9829ED22F4B28F00283349 /* UIWindowExtensions.swift */ = {isa = PBXFileReference; fileEncoding = 4; lastKnownFileType = sourcecode.swift; path = UIWindowExtensions.swift; sourceTree = "<group>"; };
		EE9829F222F4B5BE00283349 /* UIImage+EasyExtensions.swift */ = {isa = PBXFileReference; fileEncoding = 4; lastKnownFileType = sourcecode.swift; path = "UIImage+EasyExtensions.swift"; sourceTree = "<group>"; };
		EE9829F522F4B68000283349 /* SignedIntegerExtensions.swift */ = {isa = PBXFileReference; fileEncoding = 4; lastKnownFileType = sourcecode.swift; path = SignedIntegerExtensions.swift; sourceTree = "<group>"; };
		EE9829F622F4B68000283349 /* BidirectionalCollectionExtensions.swift */ = {isa = PBXFileReference; fileEncoding = 4; lastKnownFileType = sourcecode.swift; path = BidirectionalCollectionExtensions.swift; sourceTree = "<group>"; };
		EE9829F722F4B68000283349 /* ComparableExtensions.swift */ = {isa = PBXFileReference; fileEncoding = 4; lastKnownFileType = sourcecode.swift; path = ComparableExtensions.swift; sourceTree = "<group>"; };
		EE9829F822F4B68000283349 /* ArrayExtensions.swift */ = {isa = PBXFileReference; fileEncoding = 4; lastKnownFileType = sourcecode.swift; path = ArrayExtensions.swift; sourceTree = "<group>"; };
		EE9829F922F4B68000283349 /* StringProtocolExtensions.swift */ = {isa = PBXFileReference; fileEncoding = 4; lastKnownFileType = sourcecode.swift; path = StringProtocolExtensions.swift; sourceTree = "<group>"; };
		EE9829FA22F4B68000283349 /* BinaryFloatingPointExtensions.swift */ = {isa = PBXFileReference; fileEncoding = 4; lastKnownFileType = sourcecode.swift; path = BinaryFloatingPointExtensions.swift; sourceTree = "<group>"; };
		EE9829FB22F4B68000283349 /* FloatExtensions.swift */ = {isa = PBXFileReference; fileEncoding = 4; lastKnownFileType = sourcecode.swift; path = FloatExtensions.swift; sourceTree = "<group>"; };
		EE9829FC22F4B68000283349 /* SequenceExtensions.swift */ = {isa = PBXFileReference; fileEncoding = 4; lastKnownFileType = sourcecode.swift; path = SequenceExtensions.swift; sourceTree = "<group>"; };
		EE9829FD22F4B68000283349 /* SignedNumericExtensions.swift */ = {isa = PBXFileReference; fileEncoding = 4; lastKnownFileType = sourcecode.swift; path = SignedNumericExtensions.swift; sourceTree = "<group>"; };
		EE9829FE22F4B68000283349 /* DictionaryExtensions.swift */ = {isa = PBXFileReference; fileEncoding = 4; lastKnownFileType = sourcecode.swift; path = DictionaryExtensions.swift; sourceTree = "<group>"; };
		EE9829FF22F4B68000283349 /* StringExtensions.swift */ = {isa = PBXFileReference; fileEncoding = 4; lastKnownFileType = sourcecode.swift; path = StringExtensions.swift; sourceTree = "<group>"; };
		EE982A0022F4B68000283349 /* BoolExtensions.swift */ = {isa = PBXFileReference; fileEncoding = 4; lastKnownFileType = sourcecode.swift; path = BoolExtensions.swift; sourceTree = "<group>"; };
		EE982A0122F4B68000283349 /* DoubleExtensions.swift */ = {isa = PBXFileReference; fileEncoding = 4; lastKnownFileType = sourcecode.swift; path = DoubleExtensions.swift; sourceTree = "<group>"; };
		EE982A0222F4B68000283349 /* RandomAccessCollectionExtensions.swift */ = {isa = PBXFileReference; fileEncoding = 4; lastKnownFileType = sourcecode.swift; path = RandomAccessCollectionExtensions.swift; sourceTree = "<group>"; };
		EE982A0322F4B68000283349 /* CharacterExtensions.swift */ = {isa = PBXFileReference; fileEncoding = 4; lastKnownFileType = sourcecode.swift; path = CharacterExtensions.swift; sourceTree = "<group>"; };
		EE982A0422F4B68000283349 /* FloatingPointExtensions.swift */ = {isa = PBXFileReference; fileEncoding = 4; lastKnownFileType = sourcecode.swift; path = FloatingPointExtensions.swift; sourceTree = "<group>"; };
		EE982A0522F4B68000283349 /* IntExtensions.swift */ = {isa = PBXFileReference; fileEncoding = 4; lastKnownFileType = sourcecode.swift; path = IntExtensions.swift; sourceTree = "<group>"; };
		EE982A0622F4B68000283349 /* RangeReplaceableCollectionExtensions.swift */ = {isa = PBXFileReference; fileEncoding = 4; lastKnownFileType = sourcecode.swift; path = RangeReplaceableCollectionExtensions.swift; sourceTree = "<group>"; };
		EE982A0722F4B68000283349 /* OptionalExtensions.swift */ = {isa = PBXFileReference; fileEncoding = 4; lastKnownFileType = sourcecode.swift; path = OptionalExtensions.swift; sourceTree = "<group>"; };
		EE982A0822F4B68000283349 /* CollectionExtensions.swift */ = {isa = PBXFileReference; fileEncoding = 4; lastKnownFileType = sourcecode.swift; path = CollectionExtensions.swift; sourceTree = "<group>"; };
		EE982A2222F4B69200283349 /* SCNSphereExtensions.swift */ = {isa = PBXFileReference; fileEncoding = 4; lastKnownFileType = sourcecode.swift; path = SCNSphereExtensions.swift; sourceTree = "<group>"; };
		EE982A2322F4B69200283349 /* SCNBoxExtensions.swift */ = {isa = PBXFileReference; fileEncoding = 4; lastKnownFileType = sourcecode.swift; path = SCNBoxExtensions.swift; sourceTree = "<group>"; };
		EE982A2422F4B69200283349 /* SCNCone.swift */ = {isa = PBXFileReference; fileEncoding = 4; lastKnownFileType = sourcecode.swift; path = SCNCone.swift; sourceTree = "<group>"; };
		EE982A2522F4B69200283349 /* SCNGeometryExtensions.swift */ = {isa = PBXFileReference; fileEncoding = 4; lastKnownFileType = sourcecode.swift; path = SCNGeometryExtensions.swift; sourceTree = "<group>"; };
		EE982A2622F4B69200283349 /* SCNCapsule.swift */ = {isa = PBXFileReference; fileEncoding = 4; lastKnownFileType = sourcecode.swift; path = SCNCapsule.swift; sourceTree = "<group>"; };
		EE982A2722F4B69200283349 /* SCNVector3Extensions.swift */ = {isa = PBXFileReference; fileEncoding = 4; lastKnownFileType = sourcecode.swift; path = SCNVector3Extensions.swift; sourceTree = "<group>"; };
		EE982A2822F4B69200283349 /* SCNShape.swift */ = {isa = PBXFileReference; fileEncoding = 4; lastKnownFileType = sourcecode.swift; path = SCNShape.swift; sourceTree = "<group>"; };
		EE982A2922F4B69200283349 /* SCNCylinderExtensions.swift */ = {isa = PBXFileReference; fileEncoding = 4; lastKnownFileType = sourcecode.swift; path = SCNCylinderExtensions.swift; sourceTree = "<group>"; };
		EE982A2A22F4B69200283349 /* SCNMaterialExtensions.swift */ = {isa = PBXFileReference; fileEncoding = 4; lastKnownFileType = sourcecode.swift; path = SCNMaterialExtensions.swift; sourceTree = "<group>"; };
		EE982A2B22F4B69200283349 /* SCNPlaneExtensions.swift */ = {isa = PBXFileReference; fileEncoding = 4; lastKnownFileType = sourcecode.swift; path = SCNPlaneExtensions.swift; sourceTree = "<group>"; };
		EE982A3E22F4B6CC00283349 /* SKNodeExtensions copy.swift */ = {isa = PBXFileReference; fileEncoding = 4; lastKnownFileType = sourcecode.swift; path = "SKNodeExtensions copy.swift"; sourceTree = "<group>"; };
		EE982A4222F4B6EC00283349 /* DispatchQueueExtensions copy.swift */ = {isa = PBXFileReference; fileEncoding = 4; lastKnownFileType = sourcecode.swift; path = "DispatchQueueExtensions copy.swift"; sourceTree = "<group>"; };
/* End PBXFileReference section */

/* Begin PBXFrameworksBuildPhase section */
		EE60E63722E612520094A72D /* Frameworks */ = {
			isa = PBXFrameworksBuildPhase;
			buildActionMask = 2147483647;
			files = (
			);
			runOnlyForDeploymentPostprocessing = 0;
		};
		EE60E64022E612520094A72D /* Frameworks */ = {
			isa = PBXFrameworksBuildPhase;
			buildActionMask = 2147483647;
			files = (
				EE60E64422E612520094A72D /* EasySDK.framework in Frameworks */,
			);
			runOnlyForDeploymentPostprocessing = 0;
		};
		EE60E65B22E615050094A72D /* Frameworks */ = {
			isa = PBXFrameworksBuildPhase;
			buildActionMask = 2147483647;
			files = (
				EE60E68D22E615820094A72D /* EasySDK.framework in Frameworks */,
			);
			runOnlyForDeploymentPostprocessing = 0;
		};
		EE60E66E22E615060094A72D /* Frameworks */ = {
			isa = PBXFrameworksBuildPhase;
			buildActionMask = 2147483647;
			files = (
			);
			runOnlyForDeploymentPostprocessing = 0;
		};
		EE60E67922E615070094A72D /* Frameworks */ = {
			isa = PBXFrameworksBuildPhase;
			buildActionMask = 2147483647;
			files = (
			);
			runOnlyForDeploymentPostprocessing = 0;
		};
/* End PBXFrameworksBuildPhase section */

/* Begin PBXGroup section */
		EE60E63022E612520094A72D = {
			isa = PBXGroup;
			children = (
				EE60E63C22E612520094A72D /* EasySDK */,
				EE60E64722E612520094A72D /* EasySDKTests */,
				EE60E65F22E615050094A72D /* EasySDKExample */,
				EE60E67422E615070094A72D /* EasySDKExampleTests */,
				EE60E67F22E615070094A72D /* EasySDKExampleUITests */,
				EE60E63B22E612520094A72D /* Products */,
				EE60E68C22E615820094A72D /* Frameworks */,
			);
			sourceTree = "<group>";
		};
		EE60E63B22E612520094A72D /* Products */ = {
			isa = PBXGroup;
			children = (
				EE60E63A22E612520094A72D /* EasySDK.framework */,
				EE60E64322E612520094A72D /* EasySDKTests.xctest */,
				EE60E65E22E615050094A72D /* EasySDKExample.app */,
				EE60E67122E615060094A72D /* EasySDKExampleTests.xctest */,
				EE60E67C22E615070094A72D /* EasySDKExampleUITests.xctest */,
			);
			name = Products;
			sourceTree = "<group>";
		};
		EE60E63C22E612520094A72D /* EasySDK */ = {
			isa = PBXGroup;
			children = (
				EE9829CF22EF73B800283349 /* Extensions */,
				EE9829BA22EB57D000283349 /* CustomViews */,
				EE60E65722E613CC0094A72D /* Protocols */,
				EE60E63D22E612520094A72D /* EasySDK.h */,
				EE60E63E22E612520094A72D /* Info.plist */,
				EE9829BD22EB58BD00283349 /* EYConstants.swift */,
			);
			path = EasySDK;
			sourceTree = "<group>";
		};
		EE60E64722E612520094A72D /* EasySDKTests */ = {
			isa = PBXGroup;
			children = (
				EE60E64822E612520094A72D /* EasySDKTests.swift */,
				EE60E64A22E612520094A72D /* Info.plist */,
			);
			path = EasySDKTests;
			sourceTree = "<group>";
		};
		EE60E65422E612620094A72D /* FoundationExtensions */ = {
			isa = PBXGroup;
			children = (
				EE9829F422F4B68000283349 /* SwiftStdlib */,
				EE60E69E22E61FF20094A72D /* Data */,
				EE60E69D22E61FE20094A72D /* Date */,
				EE60E69A22E61ED30094A72D /* RawRepresentable */,
				EE60E69722E61DEC0094A72D /* Character */,
				EE60E69422E61D940094A72D /* String */,
			);
			path = FoundationExtensions;
			sourceTree = "<group>";
		};
		EE60E65722E613CC0094A72D /* Protocols */ = {
			isa = PBXGroup;
			children = (
				EE60E65822E614210094A72D /* ViewIdentifiableProtocol.swift */,
				EE9829C522EE0C3C00283349 /* ReusableView.swift */,
			);
			path = Protocols;
			sourceTree = "<group>";
		};
		EE60E65F22E615050094A72D /* EasySDKExample */ = {
			isa = PBXGroup;
			children = (
				EE60E66022E615050094A72D /* AppDelegate.swift */,
				EE60E66222E615050094A72D /* ViewController.swift */,
				EE60E66422E615050094A72D /* Main.storyboard */,
				EE60E66722E615060094A72D /* Assets.xcassets */,
				EE60E66922E615060094A72D /* LaunchScreen.storyboard */,
				EE60E66C22E615060094A72D /* Info.plist */,
			);
			path = EasySDKExample;
			sourceTree = "<group>";
		};
		EE60E67422E615070094A72D /* EasySDKExampleTests */ = {
			isa = PBXGroup;
			children = (
				EE60E67522E615070094A72D /* EasySDKExampleTests.swift */,
				EE60E67722E615070094A72D /* Info.plist */,
			);
			path = EasySDKExampleTests;
			sourceTree = "<group>";
		};
		EE60E67F22E615070094A72D /* EasySDKExampleUITests */ = {
			isa = PBXGroup;
			children = (
				EE60E68022E615070094A72D /* EasySDKExampleUITests.swift */,
				EE60E68222E615070094A72D /* Info.plist */,
			);
			path = EasySDKExampleUITests;
			sourceTree = "<group>";
		};
		EE60E68C22E615820094A72D /* Frameworks */ = {
			isa = PBXGroup;
			children = (
			);
			name = Frameworks;
			sourceTree = "<group>";
		};
		EE60E69422E61D940094A72D /* String */ = {
			isa = PBXGroup;
			children = (
				EE9829FF22F4B68000283349 /* StringExtensions.swift */,
				EE60E65522E6128F0094A72D /* String+EasyValidation.swift */,
				EE60E68E22E61AA20094A72D /* String+EasyStringRepresentable.swift */,
				EE60E69022E61BB80094A72D /* String+CustomRepresentation.swift */,
				EE60E69222E61D1A0094A72D /* String+Directory.swift */,
				EE60E69522E61DB50094A72D /* String+EasyManipulation.swift */,
			);
			path = String;
			sourceTree = "<group>";
		};
		EE60E69722E61DEC0094A72D /* Character */ = {
			isa = PBXGroup;
			children = (
				EE60E69822E61E110094A72D /* Character+CustomCharacter.swift */,
			);
			path = Character;
			sourceTree = "<group>";
		};
		EE60E69A22E61ED30094A72D /* RawRepresentable */ = {
			isa = PBXGroup;
			children = (
				EE60E69B22E61EEC0094A72D /* RawRepresentable+EasyRepresentation.swift */,
			);
			path = RawRepresentable;
			sourceTree = "<group>";
		};
		EE60E69D22E61FE20094A72D /* Date */ = {
			isa = PBXGroup;
			children = (
				EE60E69F22E6201D0094A72D /* Date+EasyCalculation.swift */,
			);
			path = Date;
			sourceTree = "<group>";
		};
		EE60E69E22E61FF20094A72D /* Data */ = {
			isa = PBXGroup;
			children = (
			);
			path = Data;
			sourceTree = "<group>";
		};
		EE60E6A122E624800094A72D /* UIKitExtensions */ = {
			isa = PBXGroup;
			children = (
				EE9829EF22F4B53E00283349 /* UIImage */,
				EE9829EC22F4B28600283349 /* UIWindow */,
				EE9829E922F4B25100283349 /* UICollectionView */,
				EE9829E622F4B16100283349 /* UITableView */,
				EE9829E322F4B08800283349 /* UILayoutPriority */,
				EE9829DE22F4AF2C00283349 /* URL */,
				EE9829DB22F2013700283349 /* UIButton */,
				EE9829D822F2007A00283349 /* UIApplication */,
				EE9829D522F1FFD800283349 /* UIColor */,
				EE9829D022F1FE8C00283349 /* MapKit */,
				EE9829CE22EF717100283349 /* UINavigationController */,
				EE9829CD22EF715800283349 /* UIStackView */,
				EE9829CC22EF714000283349 /* UIAlertController */,
				EE9829CB22EF712200283349 /* UIView */,
			);
			path = UIKitExtensions;
			sourceTree = "<group>";
		};
		EE9829BA22EB57D000283349 /* CustomViews */ = {
			isa = PBXGroup;
			children = (
				EE9829BB22EB57FF00283349 /* EYKeyValueView.swift */,
				EE9829C122EDFCC900283349 /* EYImageView.swift */,
				EE9829C322EE038C00283349 /* EYHorizontalScrollView.swift */,
			);
			path = CustomViews;
			sourceTree = "<group>";
		};
		EE9829CB22EF712200283349 /* UIView */ = {
			isa = PBXGroup;
			children = (
				EE60E6A822E624FD0094A72D /* UIView+EasyAnimatable.swift */,
				EE60E6A622E624F70094A72D /* UIView+Extensions.swift */,
				EE60E6A222E624A10094A72D /* UIView+EasyLayoutAnchors.swift */,
				EE60E6A422E624E90094A72D /* UIView+EasyProperties.swift */,
				EE9829BF22EDEC1100283349 /* UIView+EasyStackLayout.swift */,
			);
			path = UIView;
			sourceTree = "<group>";
		};
		EE9829CC22EF714000283349 /* UIAlertController */ = {
			isa = PBXGroup;
			children = (
				EE9829C722EF548300283349 /* UIAlertController+EasySDK.swift */,
			);
			path = UIAlertController;
			sourceTree = "<group>";
		};
		EE9829CD22EF715800283349 /* UIStackView */ = {
			isa = PBXGroup;
			children = (
				EE60E6AA22E6250E0094A72D /* UIStackView+Easy.swift */,
			);
			path = UIStackView;
			sourceTree = "<group>";
		};
		EE9829CE22EF717100283349 /* UINavigationController */ = {
			isa = PBXGroup;
			children = (
				EE9829C922EF5B3E00283349 /* UINavigationController+EasySDK.swift */,
			);
			path = UINavigationController;
			sourceTree = "<group>";
		};
		EE9829CF22EF73B800283349 /* Extensions */ = {
			isa = PBXGroup;
			children = (
				EE982A1F22F4B69100283349 /* Dispatch */,
				EE982A1D22F4B69100283349 /* SpriteKit */,
				EE982A2122F4B69200283349 /* SceneKit */,
				EE60E65422E612620094A72D /* FoundationExtensions */,
				EE60E6A122E624800094A72D /* UIKitExtensions */,
			);
			path = Extensions;
			sourceTree = "<group>";
		};
		EE9829D022F1FE8C00283349 /* MapKit */ = {
			isa = PBXGroup;
			children = (
				EE9829D122F1FEA400283349 /* MKMapView+EasyAnnotation.swift */,
				EE9829D222F1FEA500283349 /* MKPolylineExtensions.swift */,
			);
			path = MapKit;
			sourceTree = "<group>";
		};
		EE9829D522F1FFD800283349 /* UIColor */ = {
			isa = PBXGroup;
			children = (
				EE9829D622F1FFE400283349 /* UIColor+EasyColors.swift */,
			);
			path = UIColor;
			sourceTree = "<group>";
		};
		EE9829D822F2007A00283349 /* UIApplication */ = {
			isa = PBXGroup;
			children = (
				EE9829D922F200A700283349 /* UIApplication+EasyExtension.swift */,
			);
			path = UIApplication;
			sourceTree = "<group>";
		};
		EE9829DB22F2013700283349 /* UIButton */ = {
			isa = PBXGroup;
			children = (
				EE9829DC22F2016E00283349 /* UIButton+Properties.swift */,
			);
			path = UIButton;
			sourceTree = "<group>";
		};
		EE9829DE22F4AF2C00283349 /* URL */ = {
			isa = PBXGroup;
			children = (
				EE9829DF22F4AF4300283349 /* URL+Extensions.swift */,
				EE9829E122F4B04A00283349 /* URLRequest+Extensions.swift */,
			);
			path = URL;
			sourceTree = "<group>";
		};
		EE9829E322F4B08800283349 /* UILayoutPriority */ = {
			isa = PBXGroup;
			children = (
				EE9829E422F4B09700283349 /* UILayoutPriority+Extensions.swift */,
			);
			path = UILayoutPriority;
			sourceTree = "<group>";
		};
		EE9829E622F4B16100283349 /* UITableView */ = {
			isa = PBXGroup;
			children = (
				EE9829E722F4B17100283349 /* UITableView+Extensions.swift */,
			);
			path = UITableView;
			sourceTree = "<group>";
		};
		EE9829E922F4B25100283349 /* UICollectionView */ = {
			isa = PBXGroup;
			children = (
				EE9829EA22F4B25F00283349 /* UICollectionViewExtensions.swift */,
			);
			path = UICollectionView;
			sourceTree = "<group>";
		};
		EE9829EC22F4B28600283349 /* UIWindow */ = {
			isa = PBXGroup;
			children = (
				EE9829ED22F4B28F00283349 /* UIWindowExtensions.swift */,
			);
			path = UIWindow;
			sourceTree = "<group>";
		};
		EE9829EF22F4B53E00283349 /* UIImage */ = {
			isa = PBXGroup;
			children = (
				EE9829F222F4B5BE00283349 /* UIImage+EasyExtensions.swift */,
			);
			path = UIImage;
			sourceTree = "<group>";
		};
		EE9829F422F4B68000283349 /* SwiftStdlib */ = {
			isa = PBXGroup;
			children = (
				EE9829F522F4B68000283349 /* SignedIntegerExtensions.swift */,
				EE9829F622F4B68000283349 /* BidirectionalCollectionExtensions.swift */,
				EE9829F722F4B68000283349 /* ComparableExtensions.swift */,
				EE9829F822F4B68000283349 /* ArrayExtensions.swift */,
				EE9829F922F4B68000283349 /* StringProtocolExtensions.swift */,
				EE9829FA22F4B68000283349 /* BinaryFloatingPointExtensions.swift */,
				EE9829FB22F4B68000283349 /* FloatExtensions.swift */,
				EE9829FC22F4B68000283349 /* SequenceExtensions.swift */,
				EE9829FD22F4B68000283349 /* SignedNumericExtensions.swift */,
				EE9829FE22F4B68000283349 /* DictionaryExtensions.swift */,
				EE982A0022F4B68000283349 /* BoolExtensions.swift */,
				EE982A0122F4B68000283349 /* DoubleExtensions.swift */,
				EE982A0222F4B68000283349 /* RandomAccessCollectionExtensions.swift */,
				EE982A0322F4B68000283349 /* CharacterExtensions.swift */,
				EE982A0422F4B68000283349 /* FloatingPointExtensions.swift */,
				EE982A0522F4B68000283349 /* IntExtensions.swift */,
				EE982A0622F4B68000283349 /* RangeReplaceableCollectionExtensions.swift */,
				EE982A0722F4B68000283349 /* OptionalExtensions.swift */,
				EE982A0822F4B68000283349 /* CollectionExtensions.swift */,
			);
			path = SwiftStdlib;
			sourceTree = "<group>";
		};
		EE982A1D22F4B69100283349 /* SpriteKit */ = {
			isa = PBXGroup;
			children = (
				EE982A3E22F4B6CC00283349 /* SKNodeExtensions copy.swift */,
			);
			name = SpriteKit;
			path = "../../../../Downloads/SwifterSwift-master/Sources/SwifterSwift/SpriteKit";
			sourceTree = "<group>";
		};
		EE982A1F22F4B69100283349 /* Dispatch */ = {
			isa = PBXGroup;
			children = (
				EE982A4222F4B6EC00283349 /* DispatchQueueExtensions copy.swift */,
			);
			name = Dispatch;
			path = "../../../../Downloads/SwifterSwift-master/Sources/SwifterSwift/Dispatch";
			sourceTree = "<group>";
		};
		EE982A2122F4B69200283349 /* SceneKit */ = {
			isa = PBXGroup;
			children = (
				EE982A2222F4B69200283349 /* SCNSphereExtensions.swift */,
				EE982A2322F4B69200283349 /* SCNBoxExtensions.swift */,
				EE982A2422F4B69200283349 /* SCNCone.swift */,
				EE982A2522F4B69200283349 /* SCNGeometryExtensions.swift */,
				EE982A2622F4B69200283349 /* SCNCapsule.swift */,
				EE982A2722F4B69200283349 /* SCNVector3Extensions.swift */,
				EE982A2822F4B69200283349 /* SCNShape.swift */,
				EE982A2922F4B69200283349 /* SCNCylinderExtensions.swift */,
				EE982A2A22F4B69200283349 /* SCNMaterialExtensions.swift */,
				EE982A2B22F4B69200283349 /* SCNPlaneExtensions.swift */,
			);
			name = SceneKit;
			path = "../../../../Downloads/SwifterSwift-master/Sources/SwifterSwift/SceneKit";
			sourceTree = "<group>";
		};
/* End PBXGroup section */

/* Begin PBXHeadersBuildPhase section */
		EE60E63522E612520094A72D /* Headers */ = {
			isa = PBXHeadersBuildPhase;
			buildActionMask = 2147483647;
			files = (
				EE60E64B22E612520094A72D /* EasySDK.h in Headers */,
			);
			runOnlyForDeploymentPostprocessing = 0;
		};
/* End PBXHeadersBuildPhase section */

/* Begin PBXNativeTarget section */
		EE60E63922E612520094A72D /* EasySDK */ = {
			isa = PBXNativeTarget;
			buildConfigurationList = EE60E64E22E612520094A72D /* Build configuration list for PBXNativeTarget "EasySDK" */;
			buildPhases = (
				EE60E63522E612520094A72D /* Headers */,
				EE60E63622E612520094A72D /* Sources */,
				EE60E63722E612520094A72D /* Frameworks */,
				EE60E63822E612520094A72D /* Resources */,
			);
			buildRules = (
			);
			dependencies = (
			);
			name = EasySDK;
			productName = EasySDK;
			productReference = EE60E63A22E612520094A72D /* EasySDK.framework */;
			productType = "com.apple.product-type.framework";
		};
		EE60E64222E612520094A72D /* EasySDKTests */ = {
			isa = PBXNativeTarget;
			buildConfigurationList = EE60E65122E612520094A72D /* Build configuration list for PBXNativeTarget "EasySDKTests" */;
			buildPhases = (
				EE60E63F22E612520094A72D /* Sources */,
				EE60E64022E612520094A72D /* Frameworks */,
				EE60E64122E612520094A72D /* Resources */,
			);
			buildRules = (
			);
			dependencies = (
				EE60E64622E612520094A72D /* PBXTargetDependency */,
			);
			name = EasySDKTests;
			productName = EasySDKTests;
			productReference = EE60E64322E612520094A72D /* EasySDKTests.xctest */;
			productType = "com.apple.product-type.bundle.unit-test";
		};
		EE60E65D22E615050094A72D /* EasySDKExample */ = {
			isa = PBXNativeTarget;
			buildConfigurationList = EE60E68322E615070094A72D /* Build configuration list for PBXNativeTarget "EasySDKExample" */;
			buildPhases = (
				EE60E65A22E615050094A72D /* Sources */,
				EE60E65B22E615050094A72D /* Frameworks */,
				EE60E65C22E615050094A72D /* Resources */,
			);
			buildRules = (
			);
			dependencies = (
			);
			name = EasySDKExample;
			productName = EasySDKExample;
			productReference = EE60E65E22E615050094A72D /* EasySDKExample.app */;
			productType = "com.apple.product-type.application";
		};
		EE60E67022E615060094A72D /* EasySDKExampleTests */ = {
			isa = PBXNativeTarget;
			buildConfigurationList = EE60E68622E615070094A72D /* Build configuration list for PBXNativeTarget "EasySDKExampleTests" */;
			buildPhases = (
				EE60E66D22E615060094A72D /* Sources */,
				EE60E66E22E615060094A72D /* Frameworks */,
				EE60E66F22E615060094A72D /* Resources */,
			);
			buildRules = (
			);
			dependencies = (
				EE60E67322E615060094A72D /* PBXTargetDependency */,
			);
			name = EasySDKExampleTests;
			productName = EasySDKExampleTests;
			productReference = EE60E67122E615060094A72D /* EasySDKExampleTests.xctest */;
			productType = "com.apple.product-type.bundle.unit-test";
		};
		EE60E67B22E615070094A72D /* EasySDKExampleUITests */ = {
			isa = PBXNativeTarget;
			buildConfigurationList = EE60E68922E615070094A72D /* Build configuration list for PBXNativeTarget "EasySDKExampleUITests" */;
			buildPhases = (
				EE60E67822E615070094A72D /* Sources */,
				EE60E67922E615070094A72D /* Frameworks */,
				EE60E67A22E615070094A72D /* Resources */,
			);
			buildRules = (
			);
			dependencies = (
				EE60E67E22E615070094A72D /* PBXTargetDependency */,
			);
			name = EasySDKExampleUITests;
			productName = EasySDKExampleUITests;
			productReference = EE60E67C22E615070094A72D /* EasySDKExampleUITests.xctest */;
			productType = "com.apple.product-type.bundle.ui-testing";
		};
/* End PBXNativeTarget section */

/* Begin PBXProject section */
		EE60E63122E612520094A72D /* Project object */ = {
			isa = PBXProject;
			attributes = {
				LastSwiftUpdateCheck = 1000;
				LastUpgradeCheck = 1000;
				ORGANIZATIONNAME = EasyDevelopmentSDK;
				TargetAttributes = {
					EE60E63922E612520094A72D = {
						CreatedOnToolsVersion = 10.0;
						LastSwiftMigration = 1000;
					};
					EE60E64222E612520094A72D = {
						CreatedOnToolsVersion = 10.0;
					};
					EE60E65D22E615050094A72D = {
						CreatedOnToolsVersion = 10.0;
					};
					EE60E67022E615060094A72D = {
						CreatedOnToolsVersion = 10.0;
						TestTargetID = EE60E65D22E615050094A72D;
					};
					EE60E67B22E615070094A72D = {
						CreatedOnToolsVersion = 10.0;
						TestTargetID = EE60E65D22E615050094A72D;
					};
				};
			};
			buildConfigurationList = EE60E63422E612520094A72D /* Build configuration list for PBXProject "EasySDK" */;
			compatibilityVersion = "Xcode 9.3";
			developmentRegion = en;
			hasScannedForEncodings = 0;
			knownRegions = (
				en,
				Base,
			);
			mainGroup = EE60E63022E612520094A72D;
			productRefGroup = EE60E63B22E612520094A72D /* Products */;
			projectDirPath = "";
			projectRoot = "";
			targets = (
				EE60E63922E612520094A72D /* EasySDK */,
				EE60E64222E612520094A72D /* EasySDKTests */,
				EE60E65D22E615050094A72D /* EasySDKExample */,
				EE60E67022E615060094A72D /* EasySDKExampleTests */,
				EE60E67B22E615070094A72D /* EasySDKExampleUITests */,
			);
		};
/* End PBXProject section */

/* Begin PBXResourcesBuildPhase section */
		EE60E63822E612520094A72D /* Resources */ = {
			isa = PBXResourcesBuildPhase;
			buildActionMask = 2147483647;
			files = (
			);
			runOnlyForDeploymentPostprocessing = 0;
		};
		EE60E64122E612520094A72D /* Resources */ = {
			isa = PBXResourcesBuildPhase;
			buildActionMask = 2147483647;
			files = (
			);
			runOnlyForDeploymentPostprocessing = 0;
		};
		EE60E65C22E615050094A72D /* Resources */ = {
			isa = PBXResourcesBuildPhase;
			buildActionMask = 2147483647;
			files = (
				EE60E66B22E615060094A72D /* LaunchScreen.storyboard in Resources */,
				EE60E66822E615060094A72D /* Assets.xcassets in Resources */,
				EE60E66622E615050094A72D /* Main.storyboard in Resources */,
			);
			runOnlyForDeploymentPostprocessing = 0;
		};
		EE60E66F22E615060094A72D /* Resources */ = {
			isa = PBXResourcesBuildPhase;
			buildActionMask = 2147483647;
			files = (
			);
			runOnlyForDeploymentPostprocessing = 0;
		};
		EE60E67A22E615070094A72D /* Resources */ = {
			isa = PBXResourcesBuildPhase;
			buildActionMask = 2147483647;
			files = (
			);
			runOnlyForDeploymentPostprocessing = 0;
		};
/* End PBXResourcesBuildPhase section */

/* Begin PBXSourcesBuildPhase section */
		EE60E63622E612520094A72D /* Sources */ = {
			isa = PBXSourcesBuildPhase;
			buildActionMask = 2147483647;
			files = (
				EE982A1622F4B68000283349 /* RandomAccessCollectionExtensions.swift in Sources */,
				EE9829EB22F4B25F00283349 /* UICollectionViewExtensions.swift in Sources */,
				EE982A3022F4B69200283349 /* SCNSphereExtensions.swift in Sources */,
				EE9829DD22F2016E00283349 /* UIButton+Properties.swift in Sources */,
				EE982A3722F4B69200283349 /* SCNCylinderExtensions.swift in Sources */,
				EE9829EE22F4B28F00283349 /* UIWindowExtensions.swift in Sources */,
				EE60E69122E61BB80094A72D /* String+CustomRepresentation.swift in Sources */,
				EE9829D722F1FFE400283349 /* UIColor+EasyColors.swift in Sources */,
				EE982A3422F4B69200283349 /* SCNCapsule.swift in Sources */,
				EE60E68F22E61AA20094A72D /* String+EasyStringRepresentable.swift in Sources */,
				EE9829C822EF548300283349 /* UIAlertController+EasySDK.swift in Sources */,
				EE9829DA22F200A700283349 /* UIApplication+EasyExtension.swift in Sources */,
				EE982A3F22F4B6CD00283349 /* SKNodeExtensions copy.swift in Sources */,
				EE9829C222EDFCC900283349 /* EYImageView.swift in Sources */,
				EE982A1122F4B68000283349 /* SignedNumericExtensions.swift in Sources */,
				EE60E69922E61E110094A72D /* Character+CustomCharacter.swift in Sources */,
				EE982A3222F4B69200283349 /* SCNCone.swift in Sources */,
				EE982A0F22F4B68000283349 /* FloatExtensions.swift in Sources */,
				EE982A1322F4B68000283349 /* StringExtensions.swift in Sources */,
				EE60E65922E614210094A72D /* ViewIdentifiableProtocol.swift in Sources */,
				EE60E69622E61DB50094A72D /* String+EasyManipulation.swift in Sources */,
				EE982A1822F4B68000283349 /* FloatingPointExtensions.swift in Sources */,
				EE9829C022EDEC1100283349 /* UIView+EasyStackLayout.swift in Sources */,
				EE9829E222F4B04A00283349 /* URLRequest+Extensions.swift in Sources */,
				EE9829CA22EF5B3E00283349 /* UINavigationController+EasySDK.swift in Sources */,
				EE982A1022F4B68000283349 /* SequenceExtensions.swift in Sources */,
				EE982A0D22F4B68000283349 /* StringProtocolExtensions.swift in Sources */,
				EE982A1B22F4B68000283349 /* OptionalExtensions.swift in Sources */,
				EE60E69322E61D1A0094A72D /* String+Directory.swift in Sources */,
				EE982A0E22F4B68000283349 /* BinaryFloatingPointExtensions.swift in Sources */,
				EE60E6AB22E6250E0094A72D /* UIStackView+Easy.swift in Sources */,
				EE9829BE22EB58BD00283349 /* EYConstants.swift in Sources */,
				EE9829BC22EB57FF00283349 /* EYKeyValueView.swift in Sources */,
				EE9829C622EE0C3C00283349 /* ReusableView.swift in Sources */,
				EE982A3622F4B69200283349 /* SCNShape.swift in Sources */,
				EE982A1722F4B68000283349 /* CharacterExtensions.swift in Sources */,
				EE982A0922F4B68000283349 /* SignedIntegerExtensions.swift in Sources */,
				EE982A1C22F4B68000283349 /* CollectionExtensions.swift in Sources */,
				EE982A1A22F4B68000283349 /* RangeReplaceableCollectionExtensions.swift in Sources */,
				EE982A0C22F4B68000283349 /* ArrayExtensions.swift in Sources */,
				EE9829D322F1FEA500283349 /* MKMapView+EasyAnnotation.swift in Sources */,
				EE60E6A722E624F70094A72D /* UIView+Extensions.swift in Sources */,
				EE982A0A22F4B68000283349 /* BidirectionalCollectionExtensions.swift in Sources */,
				EE982A1422F4B68000283349 /* BoolExtensions.swift in Sources */,
				EE60E69C22E61EEC0094A72D /* RawRepresentable+EasyRepresentation.swift in Sources */,
				EE982A3122F4B69200283349 /* SCNBoxExtensions.swift in Sources */,
				EE982A3322F4B69200283349 /* SCNGeometryExtensions.swift in Sources */,
				EE9829D422F1FEA500283349 /* MKPolylineExtensions.swift in Sources */,
				EE982A3822F4B69200283349 /* SCNMaterialExtensions.swift in Sources */,
				EE9829E022F4AF4300283349 /* URL+Extensions.swift in Sources */,
				EE982A0B22F4B68000283349 /* ComparableExtensions.swift in Sources */,
				EE982A4322F4B6EC00283349 /* DispatchQueueExtensions copy.swift in Sources */,
				EE982A1922F4B68000283349 /* IntExtensions.swift in Sources */,
				EE60E65622E6128F0094A72D /* String+EasyValidation.swift in Sources */,
				EE982A1222F4B68000283349 /* DictionaryExtensions.swift in Sources */,
				EE9829E522F4B09700283349 /* UILayoutPriority+Extensions.swift in Sources */,
				EE9829C422EE038C00283349 /* EYHorizontalScrollView.swift in Sources */,
				EE982A1522F4B68000283349 /* DoubleExtensions.swift in Sources */,
				EE982A3922F4B69200283349 /* SCNPlaneExtensions.swift in Sources */,
				EE60E6A522E624E90094A72D /* UIView+EasyProperties.swift in Sources */,
				EE60E6A022E6201D0094A72D /* Date+EasyCalculation.swift in Sources */,
				EE9829E822F4B17100283349 /* UITableView+Extensions.swift in Sources */,
				EE60E6A322E624A10094A72D /* UIView+EasyLayoutAnchors.swift in Sources */,
				EE982A3522F4B69200283349 /* SCNVector3Extensions.swift in Sources */,
				EE60E6A922E624FD0094A72D /* UIView+EasyAnimatable.swift in Sources */,
				EE9829F322F4B5BE00283349 /* UIImage+EasyExtensions.swift in Sources */,
			);
			runOnlyForDeploymentPostprocessing = 0;
		};
		EE60E63F22E612520094A72D /* Sources */ = {
			isa = PBXSourcesBuildPhase;
			buildActionMask = 2147483647;
			files = (
				EE60E64922E612520094A72D /* EasySDKTests.swift in Sources */,
			);
			runOnlyForDeploymentPostprocessing = 0;
		};
		EE60E65A22E615050094A72D /* Sources */ = {
			isa = PBXSourcesBuildPhase;
			buildActionMask = 2147483647;
			files = (
				EE60E66322E615050094A72D /* ViewController.swift in Sources */,
				EE60E66122E615050094A72D /* AppDelegate.swift in Sources */,
			);
			runOnlyForDeploymentPostprocessing = 0;
		};
		EE60E66D22E615060094A72D /* Sources */ = {
			isa = PBXSourcesBuildPhase;
			buildActionMask = 2147483647;
			files = (
				EE60E67622E615070094A72D /* EasySDKExampleTests.swift in Sources */,
			);
			runOnlyForDeploymentPostprocessing = 0;
		};
		EE60E67822E615070094A72D /* Sources */ = {
			isa = PBXSourcesBuildPhase;
			buildActionMask = 2147483647;
			files = (
				EE60E68122E615070094A72D /* EasySDKExampleUITests.swift in Sources */,
			);
			runOnlyForDeploymentPostprocessing = 0;
		};
/* End PBXSourcesBuildPhase section */

/* Begin PBXTargetDependency section */
		EE60E64622E612520094A72D /* PBXTargetDependency */ = {
			isa = PBXTargetDependency;
			target = EE60E63922E612520094A72D /* EasySDK */;
			targetProxy = EE60E64522E612520094A72D /* PBXContainerItemProxy */;
		};
		EE60E67322E615060094A72D /* PBXTargetDependency */ = {
			isa = PBXTargetDependency;
			target = EE60E65D22E615050094A72D /* EasySDKExample */;
			targetProxy = EE60E67222E615060094A72D /* PBXContainerItemProxy */;
		};
		EE60E67E22E615070094A72D /* PBXTargetDependency */ = {
			isa = PBXTargetDependency;
			target = EE60E65D22E615050094A72D /* EasySDKExample */;
			targetProxy = EE60E67D22E615070094A72D /* PBXContainerItemProxy */;
		};
/* End PBXTargetDependency section */

/* Begin PBXVariantGroup section */
		EE60E66422E615050094A72D /* Main.storyboard */ = {
			isa = PBXVariantGroup;
			children = (
				EE60E66522E615050094A72D /* Base */,
			);
			name = Main.storyboard;
			sourceTree = "<group>";
		};
		EE60E66922E615060094A72D /* LaunchScreen.storyboard */ = {
			isa = PBXVariantGroup;
			children = (
				EE60E66A22E615060094A72D /* Base */,
			);
			name = LaunchScreen.storyboard;
			sourceTree = "<group>";
		};
/* End PBXVariantGroup section */

/* Begin XCBuildConfiguration section */
		EE60E64C22E612520094A72D /* Debug */ = {
			isa = XCBuildConfiguration;
			buildSettings = {
				ALWAYS_SEARCH_USER_PATHS = NO;
				CLANG_ANALYZER_NONNULL = YES;
				CLANG_ANALYZER_NUMBER_OBJECT_CONVERSION = YES_AGGRESSIVE;
				CLANG_CXX_LANGUAGE_STANDARD = "gnu++14";
				CLANG_CXX_LIBRARY = "libc++";
				CLANG_ENABLE_MODULES = YES;
				CLANG_ENABLE_OBJC_ARC = YES;
				CLANG_ENABLE_OBJC_WEAK = YES;
				CLANG_WARN_BLOCK_CAPTURE_AUTORELEASING = YES;
				CLANG_WARN_BOOL_CONVERSION = YES;
				CLANG_WARN_COMMA = YES;
				CLANG_WARN_CONSTANT_CONVERSION = YES;
				CLANG_WARN_DEPRECATED_OBJC_IMPLEMENTATIONS = YES;
				CLANG_WARN_DIRECT_OBJC_ISA_USAGE = YES_ERROR;
				CLANG_WARN_DOCUMENTATION_COMMENTS = YES;
				CLANG_WARN_EMPTY_BODY = YES;
				CLANG_WARN_ENUM_CONVERSION = YES;
				CLANG_WARN_INFINITE_RECURSION = YES;
				CLANG_WARN_INT_CONVERSION = YES;
				CLANG_WARN_NON_LITERAL_NULL_CONVERSION = YES;
				CLANG_WARN_OBJC_IMPLICIT_RETAIN_SELF = YES;
				CLANG_WARN_OBJC_LITERAL_CONVERSION = YES;
				CLANG_WARN_OBJC_ROOT_CLASS = YES_ERROR;
				CLANG_WARN_RANGE_LOOP_ANALYSIS = YES;
				CLANG_WARN_STRICT_PROTOTYPES = YES;
				CLANG_WARN_SUSPICIOUS_MOVE = YES;
				CLANG_WARN_UNGUARDED_AVAILABILITY = YES_AGGRESSIVE;
				CLANG_WARN_UNREACHABLE_CODE = YES;
				CLANG_WARN__DUPLICATE_METHOD_MATCH = YES;
				CODE_SIGN_IDENTITY = "iPhone Developer";
				COPY_PHASE_STRIP = NO;
				CURRENT_PROJECT_VERSION = 1;
				DEBUG_INFORMATION_FORMAT = dwarf;
				ENABLE_STRICT_OBJC_MSGSEND = YES;
				ENABLE_TESTABILITY = YES;
				GCC_C_LANGUAGE_STANDARD = gnu11;
				GCC_DYNAMIC_NO_PIC = NO;
				GCC_NO_COMMON_BLOCKS = YES;
				GCC_OPTIMIZATION_LEVEL = 0;
				GCC_PREPROCESSOR_DEFINITIONS = (
					"DEBUG=1",
					"$(inherited)",
				);
				GCC_WARN_64_TO_32_BIT_CONVERSION = YES;
				GCC_WARN_ABOUT_RETURN_TYPE = YES_ERROR;
				GCC_WARN_UNDECLARED_SELECTOR = YES;
				GCC_WARN_UNINITIALIZED_AUTOS = YES_AGGRESSIVE;
				GCC_WARN_UNUSED_FUNCTION = YES;
				GCC_WARN_UNUSED_VARIABLE = YES;
				IPHONEOS_DEPLOYMENT_TARGET = 12.0;
				MTL_ENABLE_DEBUG_INFO = INCLUDE_SOURCE;
				MTL_FAST_MATH = YES;
				ONLY_ACTIVE_ARCH = YES;
				SDKROOT = iphoneos;
				SWIFT_ACTIVE_COMPILATION_CONDITIONS = DEBUG;
				SWIFT_OPTIMIZATION_LEVEL = "-Onone";
				VERSIONING_SYSTEM = "apple-generic";
				VERSION_INFO_PREFIX = "";
			};
			name = Debug;
		};
		EE60E64D22E612520094A72D /* Release */ = {
			isa = XCBuildConfiguration;
			buildSettings = {
				ALWAYS_SEARCH_USER_PATHS = NO;
				CLANG_ANALYZER_NONNULL = YES;
				CLANG_ANALYZER_NUMBER_OBJECT_CONVERSION = YES_AGGRESSIVE;
				CLANG_CXX_LANGUAGE_STANDARD = "gnu++14";
				CLANG_CXX_LIBRARY = "libc++";
				CLANG_ENABLE_MODULES = YES;
				CLANG_ENABLE_OBJC_ARC = YES;
				CLANG_ENABLE_OBJC_WEAK = YES;
				CLANG_WARN_BLOCK_CAPTURE_AUTORELEASING = YES;
				CLANG_WARN_BOOL_CONVERSION = YES;
				CLANG_WARN_COMMA = YES;
				CLANG_WARN_CONSTANT_CONVERSION = YES;
				CLANG_WARN_DEPRECATED_OBJC_IMPLEMENTATIONS = YES;
				CLANG_WARN_DIRECT_OBJC_ISA_USAGE = YES_ERROR;
				CLANG_WARN_DOCUMENTATION_COMMENTS = YES;
				CLANG_WARN_EMPTY_BODY = YES;
				CLANG_WARN_ENUM_CONVERSION = YES;
				CLANG_WARN_INFINITE_RECURSION = YES;
				CLANG_WARN_INT_CONVERSION = YES;
				CLANG_WARN_NON_LITERAL_NULL_CONVERSION = YES;
				CLANG_WARN_OBJC_IMPLICIT_RETAIN_SELF = YES;
				CLANG_WARN_OBJC_LITERAL_CONVERSION = YES;
				CLANG_WARN_OBJC_ROOT_CLASS = YES_ERROR;
				CLANG_WARN_RANGE_LOOP_ANALYSIS = YES;
				CLANG_WARN_STRICT_PROTOTYPES = YES;
				CLANG_WARN_SUSPICIOUS_MOVE = YES;
				CLANG_WARN_UNGUARDED_AVAILABILITY = YES_AGGRESSIVE;
				CLANG_WARN_UNREACHABLE_CODE = YES;
				CLANG_WARN__DUPLICATE_METHOD_MATCH = YES;
				CODE_SIGN_IDENTITY = "iPhone Developer";
				COPY_PHASE_STRIP = NO;
				CURRENT_PROJECT_VERSION = 1;
				DEBUG_INFORMATION_FORMAT = "dwarf-with-dsym";
				ENABLE_NS_ASSERTIONS = NO;
				ENABLE_STRICT_OBJC_MSGSEND = YES;
				GCC_C_LANGUAGE_STANDARD = gnu11;
				GCC_NO_COMMON_BLOCKS = YES;
				GCC_WARN_64_TO_32_BIT_CONVERSION = YES;
				GCC_WARN_ABOUT_RETURN_TYPE = YES_ERROR;
				GCC_WARN_UNDECLARED_SELECTOR = YES;
				GCC_WARN_UNINITIALIZED_AUTOS = YES_AGGRESSIVE;
				GCC_WARN_UNUSED_FUNCTION = YES;
				GCC_WARN_UNUSED_VARIABLE = YES;
				IPHONEOS_DEPLOYMENT_TARGET = 12.0;
				MTL_ENABLE_DEBUG_INFO = NO;
				MTL_FAST_MATH = YES;
				SDKROOT = iphoneos;
				SWIFT_COMPILATION_MODE = wholemodule;
				SWIFT_OPTIMIZATION_LEVEL = "-O";
				VALIDATE_PRODUCT = YES;
				VERSIONING_SYSTEM = "apple-generic";
				VERSION_INFO_PREFIX = "";
			};
			name = Release;
		};
		EE60E64F22E612520094A72D /* Debug */ = {
			isa = XCBuildConfiguration;
			buildSettings = {
				CLANG_ENABLE_MODULES = YES;
				CODE_SIGN_IDENTITY = "";
				CODE_SIGN_STYLE = Automatic;
				DEFINES_MODULE = YES;
				DEVELOPMENT_TEAM = N445XVR2VL;
				DYLIB_COMPATIBILITY_VERSION = 1;
				DYLIB_CURRENT_VERSION = 1;
				DYLIB_INSTALL_NAME_BASE = "@rpath";
				INFOPLIST_FILE = EasySDK/Info.plist;
				INSTALL_PATH = "$(LOCAL_LIBRARY_DIR)/Frameworks";
				LD_RUNPATH_SEARCH_PATHS = (
					"$(inherited)",
					"@executable_path/Frameworks",
					"@loader_path/Frameworks",
				);
				PRODUCT_BUNDLE_IDENTIFIER = com.easyDevelopmentSDK.EasySDK;
				PRODUCT_NAME = "$(TARGET_NAME:c99extidentifier)";
				SKIP_INSTALL = YES;
				SWIFT_OPTIMIZATION_LEVEL = "-Onone";
				SWIFT_VERSION = 4.2;
				TARGETED_DEVICE_FAMILY = "1,2";
			};
			name = Debug;
		};
		EE60E65022E612520094A72D /* Release */ = {
			isa = XCBuildConfiguration;
			buildSettings = {
				CLANG_ENABLE_MODULES = YES;
				CODE_SIGN_IDENTITY = "";
				CODE_SIGN_STYLE = Automatic;
				DEFINES_MODULE = YES;
				DEVELOPMENT_TEAM = N445XVR2VL;
				DYLIB_COMPATIBILITY_VERSION = 1;
				DYLIB_CURRENT_VERSION = 1;
				DYLIB_INSTALL_NAME_BASE = "@rpath";
				INFOPLIST_FILE = EasySDK/Info.plist;
				INSTALL_PATH = "$(LOCAL_LIBRARY_DIR)/Frameworks";
				LD_RUNPATH_SEARCH_PATHS = (
					"$(inherited)",
					"@executable_path/Frameworks",
					"@loader_path/Frameworks",
				);
				PRODUCT_BUNDLE_IDENTIFIER = com.easyDevelopmentSDK.EasySDK;
				PRODUCT_NAME = "$(TARGET_NAME:c99extidentifier)";
				SKIP_INSTALL = YES;
				SWIFT_VERSION = 4.2;
				TARGETED_DEVICE_FAMILY = "1,2";
			};
			name = Release;
		};
		EE60E65222E612520094A72D /* Debug */ = {
			isa = XCBuildConfiguration;
			buildSettings = {
				ALWAYS_EMBED_SWIFT_STANDARD_LIBRARIES = YES;
				CODE_SIGN_STYLE = Automatic;
				DEVELOPMENT_TEAM = N445XVR2VL;
				INFOPLIST_FILE = EasySDKTests/Info.plist;
				LD_RUNPATH_SEARCH_PATHS = (
					"$(inherited)",
					"@executable_path/Frameworks",
					"@loader_path/Frameworks",
				);
				PRODUCT_BUNDLE_IDENTIFIER = com.easyDevelopmentSDK.EasySDKTests;
				PRODUCT_NAME = "$(TARGET_NAME)";
				SWIFT_VERSION = 4.2;
				TARGETED_DEVICE_FAMILY = "1,2";
			};
			name = Debug;
		};
		EE60E65322E612520094A72D /* Release */ = {
			isa = XCBuildConfiguration;
			buildSettings = {
				ALWAYS_EMBED_SWIFT_STANDARD_LIBRARIES = YES;
				CODE_SIGN_STYLE = Automatic;
				DEVELOPMENT_TEAM = N445XVR2VL;
				INFOPLIST_FILE = EasySDKTests/Info.plist;
				LD_RUNPATH_SEARCH_PATHS = (
					"$(inherited)",
					"@executable_path/Frameworks",
					"@loader_path/Frameworks",
				);
				PRODUCT_BUNDLE_IDENTIFIER = com.easyDevelopmentSDK.EasySDKTests;
				PRODUCT_NAME = "$(TARGET_NAME)";
				SWIFT_VERSION = 4.2;
				TARGETED_DEVICE_FAMILY = "1,2";
			};
			name = Release;
		};
		EE60E68422E615070094A72D /* Debug */ = {
			isa = XCBuildConfiguration;
			buildSettings = {
				ASSETCATALOG_COMPILER_APPICON_NAME = AppIcon;
				CODE_SIGN_STYLE = Automatic;
				DEVELOPMENT_TEAM = N445XVR2VL;
				INFOPLIST_FILE = EasySDKExample/Info.plist;
				LD_RUNPATH_SEARCH_PATHS = (
					"$(inherited)",
					"@executable_path/Frameworks",
				);
				PRODUCT_BUNDLE_IDENTIFIER = com.easyDevelopmentSDK.EasySDKExample;
				PRODUCT_NAME = "$(TARGET_NAME)";
				SWIFT_VERSION = 4.2;
				TARGETED_DEVICE_FAMILY = "1,2";
			};
			name = Debug;
		};
		EE60E68522E615070094A72D /* Release */ = {
			isa = XCBuildConfiguration;
			buildSettings = {
				ASSETCATALOG_COMPILER_APPICON_NAME = AppIcon;
				CODE_SIGN_STYLE = Automatic;
				DEVELOPMENT_TEAM = N445XVR2VL;
				INFOPLIST_FILE = EasySDKExample/Info.plist;
				LD_RUNPATH_SEARCH_PATHS = (
					"$(inherited)",
					"@executable_path/Frameworks",
				);
				PRODUCT_BUNDLE_IDENTIFIER = com.easyDevelopmentSDK.EasySDKExample;
				PRODUCT_NAME = "$(TARGET_NAME)";
				SWIFT_VERSION = 4.2;
				TARGETED_DEVICE_FAMILY = "1,2";
			};
			name = Release;
		};
		EE60E68722E615070094A72D /* Debug */ = {
			isa = XCBuildConfiguration;
			buildSettings = {
				ALWAYS_EMBED_SWIFT_STANDARD_LIBRARIES = YES;
				BUNDLE_LOADER = "$(TEST_HOST)";
				CODE_SIGN_STYLE = Automatic;
				DEVELOPMENT_TEAM = N445XVR2VL;
				INFOPLIST_FILE = EasySDKExampleTests/Info.plist;
				LD_RUNPATH_SEARCH_PATHS = (
					"$(inherited)",
					"@executable_path/Frameworks",
					"@loader_path/Frameworks",
				);
				PRODUCT_BUNDLE_IDENTIFIER = com.easyDevelopmentSDK.EasySDKExampleTests;
				PRODUCT_NAME = "$(TARGET_NAME)";
				SWIFT_VERSION = 4.2;
				TARGETED_DEVICE_FAMILY = "1,2";
				TEST_HOST = "$(BUILT_PRODUCTS_DIR)/EasySDKExample.app/EasySDKExample";
			};
			name = Debug;
		};
		EE60E68822E615070094A72D /* Release */ = {
			isa = XCBuildConfiguration;
			buildSettings = {
				ALWAYS_EMBED_SWIFT_STANDARD_LIBRARIES = YES;
				BUNDLE_LOADER = "$(TEST_HOST)";
				CODE_SIGN_STYLE = Automatic;
				DEVELOPMENT_TEAM = N445XVR2VL;
				INFOPLIST_FILE = EasySDKExampleTests/Info.plist;
				LD_RUNPATH_SEARCH_PATHS = (
					"$(inherited)",
					"@executable_path/Frameworks",
					"@loader_path/Frameworks",
				);
				PRODUCT_BUNDLE_IDENTIFIER = com.easyDevelopmentSDK.EasySDKExampleTests;
				PRODUCT_NAME = "$(TARGET_NAME)";
				SWIFT_VERSION = 4.2;
				TARGETED_DEVICE_FAMILY = "1,2";
				TEST_HOST = "$(BUILT_PRODUCTS_DIR)/EasySDKExample.app/EasySDKExample";
			};
			name = Release;
		};
		EE60E68A22E615070094A72D /* Debug */ = {
			isa = XCBuildConfiguration;
			buildSettings = {
				ALWAYS_EMBED_SWIFT_STANDARD_LIBRARIES = YES;
				CODE_SIGN_STYLE = Automatic;
				DEVELOPMENT_TEAM = N445XVR2VL;
				INFOPLIST_FILE = EasySDKExampleUITests/Info.plist;
				LD_RUNPATH_SEARCH_PATHS = (
					"$(inherited)",
					"@executable_path/Frameworks",
					"@loader_path/Frameworks",
				);
				PRODUCT_BUNDLE_IDENTIFIER = com.easyDevelopmentSDK.EasySDKExampleUITests;
				PRODUCT_NAME = "$(TARGET_NAME)";
				SWIFT_VERSION = 4.2;
				TARGETED_DEVICE_FAMILY = "1,2";
				TEST_TARGET_NAME = EasySDKExample;
			};
			name = Debug;
		};
		EE60E68B22E615070094A72D /* Release */ = {
			isa = XCBuildConfiguration;
			buildSettings = {
				ALWAYS_EMBED_SWIFT_STANDARD_LIBRARIES = YES;
				CODE_SIGN_STYLE = Automatic;
				DEVELOPMENT_TEAM = N445XVR2VL;
				INFOPLIST_FILE = EasySDKExampleUITests/Info.plist;
				LD_RUNPATH_SEARCH_PATHS = (
					"$(inherited)",
					"@executable_path/Frameworks",
					"@loader_path/Frameworks",
				);
				PRODUCT_BUNDLE_IDENTIFIER = com.easyDevelopmentSDK.EasySDKExampleUITests;
				PRODUCT_NAME = "$(TARGET_NAME)";
				SWIFT_VERSION = 4.2;
				TARGETED_DEVICE_FAMILY = "1,2";
				TEST_TARGET_NAME = EasySDKExample;
			};
			name = Release;
		};
/* End XCBuildConfiguration section */

/* Begin XCConfigurationList section */
		EE60E63422E612520094A72D /* Build configuration list for PBXProject "EasySDK" */ = {
			isa = XCConfigurationList;
			buildConfigurations = (
				EE60E64C22E612520094A72D /* Debug */,
				EE60E64D22E612520094A72D /* Release */,
			);
			defaultConfigurationIsVisible = 0;
			defaultConfigurationName = Release;
		};
		EE60E64E22E612520094A72D /* Build configuration list for PBXNativeTarget "EasySDK" */ = {
			isa = XCConfigurationList;
			buildConfigurations = (
				EE60E64F22E612520094A72D /* Debug */,
				EE60E65022E612520094A72D /* Release */,
			);
			defaultConfigurationIsVisible = 0;
			defaultConfigurationName = Release;
		};
		EE60E65122E612520094A72D /* Build configuration list for PBXNativeTarget "EasySDKTests" */ = {
			isa = XCConfigurationList;
			buildConfigurations = (
				EE60E65222E612520094A72D /* Debug */,
				EE60E65322E612520094A72D /* Release */,
			);
			defaultConfigurationIsVisible = 0;
			defaultConfigurationName = Release;
		};
		EE60E68322E615070094A72D /* Build configuration list for PBXNativeTarget "EasySDKExample" */ = {
			isa = XCConfigurationList;
			buildConfigurations = (
				EE60E68422E615070094A72D /* Debug */,
				EE60E68522E615070094A72D /* Release */,
			);
			defaultConfigurationIsVisible = 0;
			defaultConfigurationName = Release;
		};
		EE60E68622E615070094A72D /* Build configuration list for PBXNativeTarget "EasySDKExampleTests" */ = {
			isa = XCConfigurationList;
			buildConfigurations = (
				EE60E68722E615070094A72D /* Debug */,
				EE60E68822E615070094A72D /* Release */,
			);
			defaultConfigurationIsVisible = 0;
			defaultConfigurationName = Release;
		};
		EE60E68922E615070094A72D /* Build configuration list for PBXNativeTarget "EasySDKExampleUITests" */ = {
			isa = XCConfigurationList;
			buildConfigurations = (
				EE60E68A22E615070094A72D /* Debug */,
				EE60E68B22E615070094A72D /* Release */,
			);
			defaultConfigurationIsVisible = 0;
			defaultConfigurationName = Release;
		};
/* End XCConfigurationList section */
	};
	rootObject = EE60E63122E612520094A72D /* Project object */;
}
